
Microsoft Visual Studio Solution File, Format Version 12.00
# Visual Studio Version 16
VisualStudioVersion = 16.0.31624.102
MinimumVisualStudioVersion = 10.0.40219.1
Project("{FAE04EC0-301F-11D3-BF4B-00C04F79EFBC}") = "pgn14 - opakování", "pgn14 - opakování.csproj", "{DDD2E998-D56C-4F02-89AC-3078AF7F7B74}"
EndProject
Global
	GlobalSection(SolutionConfigurationPlatforms) = preSolution
		Debug|Any CPU = Debug|Any CPU
		Release|Any CPU = Release|Any CPU
	EndGlobalSection
	GlobalSection(ProjectConfigurationPlatforms) = postSolution
		{DDD2E998-D56C-4F02-89AC-3078AF7F7B74}.Debug|Any CPU.ActiveCfg = Debug|Any CPU
		{DDD2E998-D56C-4F02-89AC-3078AF7F7B74}.Debug|Any CPU.Build.0 = Debug|Any CPU
		{DDD2E998-D56C-4F02-89AC-3078AF7F7B74}.Release|Any CPU.ActiveCfg = Release|Any CPU
		{DDD2E998-D56C-4F02-89AC-3078AF7F7B74}.Release|Any CPU.Build.0 = Release|Any CPU
	EndGlobalSection
	GlobalSection(SolutionProperties) = preSolution
		HideSolutionNode = FALSE
	EndGlobalSection
	GlobalSection(ExtensibilityGlobals) = postSolution
		SolutionGuid = {223A8DAA-226D-4575-8BCD-701F4A89D68B}
	EndGlobalSection
EndGlobal
